
Microsoft Visual Studio Solution File, Format Version 12.00
# Visual Studio 15
VisualStudioVersion = 15.0.28010.2036
MinimumVisualStudioVersion = 10.0.40219.1
Project("{FAE04EC0-301F-11D3-BF4B-00C04F79EFBC}") = "TenisApi", "TenisApi\TenisApi.csproj", "{4E0E5C67-7695-42A5-AB6C-B290DFA188C6}"
EndProject
Project("{FAE04EC0-301F-11D3-BF4B-00C04F79EFBC}") = "Tienda.Dominio", "Tienda.Dominio\Tienda.Dominio.csproj", "{4B01819C-2AED-40D7-AC4E-A4DF15600AB0}"
EndProject
Project("{FAE04EC0-301F-11D3-BF4B-00C04F79EFBC}") = "Momento3.Xamarin.Android", "Momento3.Xamarin\Momento3.Xamarin.Android\Momento3.Xamarin.Android.csproj", "{2504714F-E166-4C13-920D-2A00143B31D5}"
EndProject
Project("{9A19103F-16F7-4668-BE54-9A1E7A4F7556}") = "Momento3.Xamarin", "Momento3.Xamarin\Momento3.Xamarin\Momento3.Xamarin.csproj", "{3251CCE3-492A-40E2-B99E-7946E5FA08D0}"
EndProject
Global
	GlobalSection(SolutionConfigurationPlatforms) = preSolution
		Debug|Any CPU = Debug|Any CPU
		Release|Any CPU = Release|Any CPU
	EndGlobalSection
	GlobalSection(ProjectConfigurationPlatforms) = postSolution
		{4E0E5C67-7695-42A5-AB6C-B290DFA188C6}.Debug|Any CPU.ActiveCfg = Debug|Any CPU
		{4E0E5C67-7695-42A5-AB6C-B290DFA188C6}.Debug|Any CPU.Build.0 = Debug|Any CPU
		{4E0E5C67-7695-42A5-AB6C-B290DFA188C6}.Release|Any CPU.ActiveCfg = Release|Any CPU
		{4E0E5C67-7695-42A5-AB6C-B290DFA188C6}.Release|Any CPU.Build.0 = Release|Any CPU
		{4B01819C-2AED-40D7-AC4E-A4DF15600AB0}.Debug|Any CPU.ActiveCfg = Debug|Any CPU
		{4B01819C-2AED-40D7-AC4E-A4DF15600AB0}.Debug|Any CPU.Build.0 = Debug|Any CPU
		{4B01819C-2AED-40D7-AC4E-A4DF15600AB0}.Release|Any CPU.ActiveCfg = Release|Any CPU
		{4B01819C-2AED-40D7-AC4E-A4DF15600AB0}.Release|Any CPU.Build.0 = Release|Any CPU
		{2504714F-E166-4C13-920D-2A00143B31D5}.Debug|Any CPU.ActiveCfg = Debug|Any CPU
		{2504714F-E166-4C13-920D-2A00143B31D5}.Debug|Any CPU.Build.0 = Debug|Any CPU
		{2504714F-E166-4C13-920D-2A00143B31D5}.Debug|Any CPU.Deploy.0 = Debug|Any CPU
		{2504714F-E166-4C13-920D-2A00143B31D5}.Release|Any CPU.ActiveCfg = Release|Any CPU
		{2504714F-E166-4C13-920D-2A00143B31D5}.Release|Any CPU.Build.0 = Release|Any CPU
		{2504714F-E166-4C13-920D-2A00143B31D5}.Release|Any CPU.Deploy.0 = Release|Any CPU
		{3251CCE3-492A-40E2-B99E-7946E5FA08D0}.Debug|Any CPU.ActiveCfg = Debug|Any CPU
		{3251CCE3-492A-40E2-B99E-7946E5FA08D0}.Debug|Any CPU.Build.0 = Debug|Any CPU
		{3251CCE3-492A-40E2-B99E-7946E5FA08D0}.Release|Any CPU.ActiveCfg = Release|Any CPU
		{3251CCE3-492A-40E2-B99E-7946E5FA08D0}.Release|Any CPU.Build.0 = Release|Any CPU
	EndGlobalSection
	GlobalSection(SolutionProperties) = preSolution
		HideSolutionNode = FALSE
	EndGlobalSection
	GlobalSection(ExtensibilityGlobals) = postSolution
		RESX_PrefixTranslations = False
		SolutionGuid = {97145643-D7F8-46F7-A96A-75F376A6A968}
	EndGlobalSection
EndGlobal
